
Microsoft Visual Studio Solution File, Format Version 12.00
# Visual Studio Version 17
VisualStudioVersion = 17.8.34330.188
MinimumVisualStudioVersion = 10.0.40219.1
Project("{9A19103F-16F7-4668-BE54-9A1E7A4F7556}") = "Webpay.Integration", "Webpay.Integration\Webpay.Integration.csproj", "{527D772B-2F6A-4E30-B11E-26FC05677E0D}"
EndProject
Project("{9A19103F-16F7-4668-BE54-9A1E7A4F7556}") = "Webpay.Integration.Test", "Webpay.Integration.Test\Webpay.Integration.Test.csproj", "{D4F59496-2A62-4168-9F68-E1233D5EB5D6}"
EndProject
Project("{9A19103F-16F7-4668-BE54-9A1E7A4F7556}") = "IntegrationTest", "IntegrationTest\IntegrationTest.csproj", "{E7FE5CD0-B72E-44A5-A425-B99DDDE276E8}"
EndProject
Project("{FAE04EC0-301F-11D3-BF4B-00C04F79EFBC}") = "MyIntegration", "MyIntegration\MyIntegration.csproj", "{3DEDDBCE-ED30-4AFA-BAD9-2D13D92E2DD5}"
EndProject
Project("{9A19103F-16F7-4668-BE54-9A1E7A4F7556}") = "Sample.AspNetCore", "Sample.AspNetCore\Sample.AspNetCore.csproj", "{8FECC076-D524-4240-A99C-B9A3CC68E251}"
EndProject
Global
	GlobalSection(SolutionConfigurationPlatforms) = preSolution
		Debug|Any CPU = Debug|Any CPU
		Release|Any CPU = Release|Any CPU
	EndGlobalSection
	GlobalSection(ProjectConfigurationPlatforms) = postSolution
		{527D772B-2F6A-4E30-B11E-26FC05677E0D}.Debug|Any CPU.ActiveCfg = Debug|Any CPU
		{527D772B-2F6A-4E30-B11E-26FC05677E0D}.Debug|Any CPU.Build.0 = Debug|Any CPU
		{527D772B-2F6A-4E30-B11E-26FC05677E0D}.Release|Any CPU.ActiveCfg = Release|Any CPU
		{527D772B-2F6A-4E30-B11E-26FC05677E0D}.Release|Any CPU.Build.0 = Release|Any CPU
		{D4F59496-2A62-4168-9F68-E1233D5EB5D6}.Debug|Any CPU.ActiveCfg = Debug|Any CPU
		{D4F59496-2A62-4168-9F68-E1233D5EB5D6}.Debug|Any CPU.Build.0 = Debug|Any CPU
		{D4F59496-2A62-4168-9F68-E1233D5EB5D6}.Release|Any CPU.ActiveCfg = Release|Any CPU
		{D4F59496-2A62-4168-9F68-E1233D5EB5D6}.Release|Any CPU.Build.0 = Release|Any CPU
		{E7FE5CD0-B72E-44A5-A425-B99DDDE276E8}.Debug|Any CPU.ActiveCfg = Debug|Any CPU
		{E7FE5CD0-B72E-44A5-A425-B99DDDE276E8}.Debug|Any CPU.Build.0 = Debug|Any CPU
		{E7FE5CD0-B72E-44A5-A425-B99DDDE276E8}.Release|Any CPU.ActiveCfg = Release|Any CPU
		{E7FE5CD0-B72E-44A5-A425-B99DDDE276E8}.Release|Any CPU.Build.0 = Release|Any CPU
		{3DEDDBCE-ED30-4AFA-BAD9-2D13D92E2DD5}.Debug|Any CPU.ActiveCfg = Debug|Any CPU
		{3DEDDBCE-ED30-4AFA-BAD9-2D13D92E2DD5}.Debug|Any CPU.Build.0 = Debug|Any CPU
		{3DEDDBCE-ED30-4AFA-BAD9-2D13D92E2DD5}.Release|Any CPU.ActiveCfg = Release|Any CPU
		{3DEDDBCE-ED30-4AFA-BAD9-2D13D92E2DD5}.Release|Any CPU.Build.0 = Release|Any CPU
		{8FECC076-D524-4240-A99C-B9A3CC68E251}.Debug|Any CPU.ActiveCfg = Debug|Any CPU
		{8FECC076-D524-4240-A99C-B9A3CC68E251}.Debug|Any CPU.Build.0 = Debug|Any CPU
		{8FECC076-D524-4240-A99C-B9A3CC68E251}.Release|Any CPU.ActiveCfg = Release|Any CPU
		{8FECC076-D524-4240-A99C-B9A3CC68E251}.Release|Any CPU.Build.0 = Release|Any CPU
	EndGlobalSection
	GlobalSection(SolutionProperties) = preSolution
		HideSolutionNode = FALSE
	EndGlobalSection
	GlobalSection(ExtensibilityGlobals) = postSolution
		SolutionGuid = {807AA155-D7F0-43F1-9ED3-A14B75A03525}
	EndGlobalSection
EndGlobal
